
Microsoft Visual Studio Solution File, Format Version 12.00
# Visual Studio Version 16
VisualStudioVersion = 16.0.30711.63
MinimumVisualStudioVersion = 10.0.40219.1
Project("{FAE04EC0-301F-11D3-BF4B-00C04F79EFBC}") = "TImeMaster", "TImeMaster\TImeMaster.csproj", "{933BD735-EE12-470E-B420-332A761CB6C5}"
EndProject
Global
	GlobalSection(SolutionConfigurationPlatforms) = preSolution
		Debug|Any CPU = Debug|Any CPU
		Release|Any CPU = Release|Any CPU
	EndGlobalSection
	GlobalSection(ProjectConfigurationPlatforms) = postSolution
		{933BD735-EE12-470E-B420-332A761CB6C5}.Debug|Any CPU.ActiveCfg = Debug|Any CPU
		{933BD735-EE12-470E-B420-332A761CB6C5}.Debug|Any CPU.Build.0 = Debug|Any CPU
		{933BD735-EE12-470E-B420-332A761CB6C5}.Release|Any CPU.ActiveCfg = Release|Any CPU
		{933BD735-EE12-470E-B420-332A761CB6C5}.Release|Any CPU.Build.0 = Release|Any CPU
	EndGlobalSection
	GlobalSection(SolutionProperties) = preSolution
		HideSolutionNode = FALSE
	EndGlobalSection
	GlobalSection(ExtensibilityGlobals) = postSolution
		SolutionGuid = {C47F9232-CCE1-42F7-B74A-2B6253B5F298}
	EndGlobalSection
EndGlobal
